// !$*UTF8*$!
{
	archiveVersion = 1;
	classes = {
	};
	objectVersion = 46;
	objects = {

/* Begin PBXBuildFile section */
		CFA86ED01643F40500EBF92F /* UIKit.framework in Frameworks */ = {isa = PBXBuildFile; fileRef = CFA86ECF1643F40500EBF92F /* UIKit.framework */; };
		CFA86ED21643F40500EBF92F /* Foundation.framework in Frameworks */ = {isa = PBXBuildFile; fileRef = CFA86ED11643F40500EBF92F /* Foundation.framework */; };
		CFA86ED41643F40500EBF92F /* CoreGraphics.framework in Frameworks */ = {isa = PBXBuildFile; fileRef = CFA86ED31643F40500EBF92F /* CoreGraphics.framework */; };
		CFA86EDA1643F40500EBF92F /* InfoPlist.strings in Resources */ = {isa = PBXBuildFile; fileRef = CFA86ED81643F40500EBF92F /* InfoPlist.strings */; };
		CFA86EDC1643F40500EBF92F /* main.m in Sources */ = {isa = PBXBuildFile; fileRef = CFA86EDB1643F40500EBF92F /* main.m */; };
		CFA86EE01643F40500EBF92F /* KTAppDelegate.m in Sources */ = {isa = PBXBuildFile; fileRef = CFA86EDF1643F40500EBF92F /* KTAppDelegate.m */; };
		CFA86EE21643F40500EBF92F /* Default.png in Resources */ = {isa = PBXBuildFile; fileRef = CFA86EE11643F40500EBF92F /* Default.png */; };
		CFA86EE41643F40500EBF92F /* Default@2x.png in Resources */ = {isa = PBXBuildFile; fileRef = CFA86EE31643F40500EBF92F /* Default@2x.png */; };
		CFA86EE61643F40500EBF92F /* Default-568h@2x.png in Resources */ = {isa = PBXBuildFile; fileRef = CFA86EE51643F40500EBF92F /* Default-568h@2x.png */; };
		CFA86EF11643F50B00EBF92F /* QuartzCore.framework in Frameworks */ = {isa = PBXBuildFile; fileRef = CFA86EF01643F50B00EBF92F /* QuartzCore.framework */; };
		CFA86EFD1643FA0B00EBF92F /* UIView+KTExtras.m in Sources */ = {isa = PBXBuildFile; fileRef = CFA86EFC1643FA0B00EBF92F /* UIView+KTExtras.m */; };
/* End PBXBuildFile section */

/* Begin PBXFileReference section */
		CFA86ECB1643F40500EBF92F /* KTCategories.app */ = {isa = PBXFileReference; explicitFileType = wrapper.application; includeInIndex = 0; path = KTCategories.app; sourceTree = BUILT_PRODUCTS_DIR; };
		CFA86ECF1643F40500EBF92F /* UIKit.framework */ = {isa = PBXFileReference; lastKnownFileType = wrapper.framework; name = UIKit.framework; path = System/Library/Frameworks/UIKit.framework; sourceTree = SDKROOT; };
		CFA86ED11643F40500EBF92F /* Foundation.framework */ = {isa = PBXFileReference; lastKnownFileType = wrapper.framework; name = Foundation.framework; path = System/Library/Frameworks/Foundation.framework; sourceTree = SDKROOT; };
		CFA86ED31643F40500EBF92F /* CoreGraphics.framework */ = {isa = PBXFileReference; lastKnownFileType = wrapper.framework; name = CoreGraphics.framework; path = System/Library/Frameworks/CoreGraphics.framework; sourceTree = SDKROOT; };
		CFA86ED71643F40500EBF92F /* KTCategories-Info.plist */ = {isa = PBXFileReference; lastKnownFileType = text.plist.xml; path = "KTCategories-Info.plist"; sourceTree = "<group>"; };
		CFA86ED91643F40500EBF92F /* en */ = {isa = PBXFileReference; lastKnownFileType = text.plist.strings; name = en; path = en.lproj/InfoPlist.strings; sourceTree = "<group>"; };
		CFA86EDB1643F40500EBF92F /* main.m */ = {isa = PBXFileReference; lastKnownFileType = sourcecode.c.objc; path = main.m; sourceTree = "<group>"; };
		CFA86EDD1643F40500EBF92F /* KTCategories-Prefix.pch */ = {isa = PBXFileReference; lastKnownFileType = sourcecode.c.h; path = "KTCategories-Prefix.pch"; sourceTree = "<group>"; };
		CFA86EDE1643F40500EBF92F /* KTAppDelegate.h */ = {isa = PBXFileReference; lastKnownFileType = sourcecode.c.h; path = KTAppDelegate.h; sourceTree = "<group>"; };
		CFA86EDF1643F40500EBF92F /* KTAppDelegate.m */ = {isa = PBXFileReference; lastKnownFileType = sourcecode.c.objc; path = KTAppDelegate.m; sourceTree = "<group>"; };
		CFA86EE11643F40500EBF92F /* Default.png */ = {isa = PBXFileReference; lastKnownFileType = image.png; path = Default.png; sourceTree = "<group>"; };
		CFA86EE31643F40500EBF92F /* Default@2x.png */ = {isa = PBXFileReference; lastKnownFileType = image.png; path = "Default@2x.png"; sourceTree = "<group>"; };
		CFA86EE51643F40500EBF92F /* Default-568h@2x.png */ = {isa = PBXFileReference; lastKnownFileType = image.png; path = "Default-568h@2x.png"; sourceTree = "<group>"; };
		CFA86EF01643F50B00EBF92F /* QuartzCore.framework */ = {isa = PBXFileReference; lastKnownFileType = wrapper.framework; name = QuartzCore.framework; path = System/Library/Frameworks/QuartzCore.framework; sourceTree = SDKROOT; };
		CFA86EFB1643FA0B00EBF92F /* UIView+KTExtras.h */ = {isa = PBXFileReference; fileEncoding = 4; lastKnownFileType = sourcecode.c.h; name = "UIView+KTExtras.h"; path = "categories/UIView+KTExtras.h"; sourceTree = "<group>"; };
		CFA86EFC1643FA0B00EBF92F /* UIView+KTExtras.m */ = {isa = PBXFileReference; fileEncoding = 4; lastKnownFileType = sourcecode.c.objc; name = "UIView+KTExtras.m"; path = "categories/UIView+KTExtras.m"; sourceTree = "<group>"; };
/* End PBXFileReference section */

/* Begin PBXFrameworksBuildPhase section */
		CFA86EC81643F40500EBF92F /* Frameworks */ = {
			isa = PBXFrameworksBuildPhase;
			buildActionMask = 2147483647;
			files = (
				CFA86EF11643F50B00EBF92F /* QuartzCore.framework in Frameworks */,
				CFA86ED01643F40500EBF92F /* UIKit.framework in Frameworks */,
				CFA86ED21643F40500EBF92F /* Foundation.framework in Frameworks */,
				CFA86ED41643F40500EBF92F /* CoreGraphics.framework in Frameworks */,
			);
			runOnlyForDeploymentPostprocessing = 0;
		};
/* End PBXFrameworksBuildPhase section */

/* Begin PBXGroup section */
		CFA86EC01643F40500EBF92F = {
			isa = PBXGroup;
			children = (
				CFA86ED51643F40500EBF92F /* KTCategories */,
				CFA86ECE1643F40500EBF92F /* Frameworks */,
				CFA86ECC1643F40500EBF92F /* Products */,
			);
			sourceTree = "<group>";
		};
		CFA86ECC1643F40500EBF92F /* Products */ = {
			isa = PBXGroup;
			children = (
				CFA86ECB1643F40500EBF92F /* KTCategories.app */,
			);
			name = Products;
			sourceTree = "<group>";
		};
		CFA86ECE1643F40500EBF92F /* Frameworks */ = {
			isa = PBXGroup;
			children = (
				CFA86EF01643F50B00EBF92F /* QuartzCore.framework */,
				CFA86ECF1643F40500EBF92F /* UIKit.framework */,
				CFA86ED11643F40500EBF92F /* Foundation.framework */,
				CFA86ED31643F40500EBF92F /* CoreGraphics.framework */,
			);
			name = Frameworks;
			sourceTree = "<group>";
		};
		CFA86ED51643F40500EBF92F /* KTCategories */ = {
			isa = PBXGroup;
			children = (
				CFA86EFE1643FA0F00EBF92F /* categories */,
				CFA86EDE1643F40500EBF92F /* KTAppDelegate.h */,
				CFA86EDF1643F40500EBF92F /* KTAppDelegate.m */,
				CFA86ED61643F40500EBF92F /* Supporting Files */,
			);
			path = KTCategories;
			sourceTree = "<group>";
		};
		CFA86ED61643F40500EBF92F /* Supporting Files */ = {
			isa = PBXGroup;
			children = (
				CFA86ED71643F40500EBF92F /* KTCategories-Info.plist */,
				CFA86ED81643F40500EBF92F /* InfoPlist.strings */,
				CFA86EDB1643F40500EBF92F /* main.m */,
				CFA86EDD1643F40500EBF92F /* KTCategories-Prefix.pch */,
				CFA86EE11643F40500EBF92F /* Default.png */,
				CFA86EE31643F40500EBF92F /* Default@2x.png */,
				CFA86EE51643F40500EBF92F /* Default-568h@2x.png */,
			);
			name = "Supporting Files";
			sourceTree = "<group>";
		};
		CFA86EFE1643FA0F00EBF92F /* categories */ = {
			isa = PBXGroup;
			children = (
				CFA86EFB1643FA0B00EBF92F /* UIView+KTExtras.h */,
				CFA86EFC1643FA0B00EBF92F /* UIView+KTExtras.m */,
			);
			name = categories;
			sourceTree = "<group>";
		};
/* End PBXGroup section */

/* Begin PBXNativeTarget section */
		CFA86ECA1643F40500EBF92F /* KTCategories */ = {
			isa = PBXNativeTarget;
			buildConfigurationList = CFA86EE91643F40500EBF92F /* Build configuration list for PBXNativeTarget "KTCategories" */;
			buildPhases = (
				CFA86EC71643F40500EBF92F /* Sources */,
				CFA86EC81643F40500EBF92F /* Frameworks */,
				CFA86EC91643F40500EBF92F /* Resources */,
			);
			buildRules = (
			);
			dependencies = (
			);
			name = KTCategories;
			productName = KTCategories;
			productReference = CFA86ECB1643F40500EBF92F /* KTCategories.app */;
			productType = "com.apple.product-type.application";
		};
/* End PBXNativeTarget section */

/* Begin PBXProject section */
		CFA86EC21643F40500EBF92F /* Project object */ = {
			isa = PBXProject;
			attributes = {
				CLASSPREFIX = KT;
				LastUpgradeCheck = 0450;
				ORGANIZATIONNAME = "Kyle Truscott";
			};
			buildConfigurationList = CFA86EC51643F40500EBF92F /* Build configuration list for PBXProject "KTCategories" */;
			compatibilityVersion = "Xcode 3.2";
			developmentRegion = English;
			hasScannedForEncodings = 0;
			knownRegions = (
				en,
			);
			mainGroup = CFA86EC01643F40500EBF92F;
			productRefGroup = CFA86ECC1643F40500EBF92F /* Products */;
			projectDirPath = "";
			projectRoot = "";
			targets = (
				CFA86ECA1643F40500EBF92F /* KTCategories */,
			);
		};
/* End PBXProject section */

/* Begin PBXResourcesBuildPhase section */
		CFA86EC91643F40500EBF92F /* Resources */ = {
			isa = PBXResourcesBuildPhase;
			buildActionMask = 2147483647;
			files = (
				CFA86EDA1643F40500EBF92F /* InfoPlist.strings in Resources */,
				CFA86EE21643F40500EBF92F /* Default.png in Resources */,
				CFA86EE41643F40500EBF92F /* Default@2x.png in Resources */,
				CFA86EE61643F40500EBF92F /* Default-568h@2x.png in Resources */,
			);
			runOnlyForDeploymentPostprocessing = 0;
		};
/* End PBXResourcesBuildPhase section */

/* Begin PBXSourcesBuildPhase section */
		CFA86EC71643F40500EBF92F /* Sources */ = {
			isa = PBXSourcesBuildPhase;
			buildActionMask = 2147483647;
			files = (
				CFA86EDC1643F40500EBF92F /* main.m in Sources */,
				CFA86EE01643F40500EBF92F /* KTAppDelegate.m in Sources */,
				CFA86EFD1643FA0B00EBF92F /* UIView+KTExtras.m in Sources */,
			);
			runOnlyForDeploymentPostprocessing = 0;
		};
/* End PBXSourcesBuildPhase section */

/* Begin PBXVariantGroup section */
		CFA86ED81643F40500EBF92F /* InfoPlist.strings */ = {
			isa = PBXVariantGroup;
			children = (
				CFA86ED91643F40500EBF92F /* en */,
			);
			name = InfoPlist.strings;
			sourceTree = "<group>";
		};
/* End PBXVariantGroup section */

/* Begin XCBuildConfiguration section */
		CFA86EE71643F40500EBF92F /* Debug */ = {
			isa = XCBuildConfiguration;
			buildSettings = {
				ALWAYS_SEARCH_USER_PATHS = NO;
				CLANG_CXX_LANGUAGE_STANDARD = "gnu++0x";
				CLANG_CXX_LIBRARY = "libc++";
				CLANG_ENABLE_OBJC_ARC = YES;
				CLANG_WARN_EMPTY_BODY = YES;
				CLANG_WARN__DUPLICATE_METHOD_MATCH = YES;
				"CODE_SIGN_IDENTITY[sdk=iphoneos*]" = "iPhone Developer";
				COPY_PHASE_STRIP = NO;
				GCC_C_LANGUAGE_STANDARD = gnu99;
				GCC_DYNAMIC_NO_PIC = NO;
				GCC_OPTIMIZATION_LEVEL = 0;
				GCC_PREPROCESSOR_DEFINITIONS = (
					"DEBUG=1",
					"$(inherited)",
				);
				GCC_SYMBOLS_PRIVATE_EXTERN = NO;
				GCC_WARN_ABOUT_RETURN_TYPE = YES;
				GCC_WARN_UNINITIALIZED_AUTOS = YES;
				GCC_WARN_UNUSED_VARIABLE = YES;
				IPHONEOS_DEPLOYMENT_TARGET = 6.0;
				ONLY_ACTIVE_ARCH = YES;
				SDKROOT = iphoneos;
				TARGETED_DEVICE_FAMILY = "1,2";
			};
			name = Debug;
		};
		CFA86EE81643F40500EBF92F /* Release */ = {
			isa = XCBuildConfiguration;
			buildSettings = {
				ALWAYS_SEARCH_USER_PATHS = NO;
				CLANG_CXX_LANGUAGE_STANDARD = "gnu++0x";
				CLANG_CXX_LIBRARY = "libc++";
				CLANG_ENABLE_OBJC_ARC = YES;
				CLANG_WARN_EMPTY_BODY = YES;
				CLANG_WARN__DUPLICATE_METHOD_MATCH = YES;
				"CODE_SIGN_IDENTITY[sdk=iphoneos*]" = "iPhone Developer";
				COPY_PHASE_STRIP = YES;
				GCC_C_LANGUAGE_STANDARD = gnu99;
				GCC_WARN_ABOUT_RETURN_TYPE = YES;
				GCC_WARN_UNINITIALIZED_AUTOS = YES;
				GCC_WARN_UNUSED_VARIABLE = YES;
				IPHONEOS_DEPLOYMENT_TARGET = 6.0;
				OTHER_CFLAGS = "-DNS_BLOCK_ASSERTIONS=1";
				SDKROOT = iphoneos;
				TARGETED_DEVICE_FAMILY = "1,2";
				VALIDATE_PRODUCT = YES;
			};
			name = Release;
		};
		CFA86EEA1643F40500EBF92F /* Debug */ = {
			isa = XCBuildConfiguration;
			buildSettings = {
				"CODE_SIGN_IDENTITY[sdk=iphoneos*]" = "";
				GCC_PRECOMPILE_PREFIX_HEADER = YES;
				GCC_PREFIX_HEADER = "KTCategories/KTCategories-Prefix.pch";
				INFOPLIST_FILE = "KTCategories/KTCategories-Info.plist";
				PRODUCT_NAME = "$(TARGET_NAME)";
				WRAPPER_EXTENSION = app;
			};
			name = Debug;
		};
		CFA86EEB1643F40500EBF92F /* Release */ = {
			isa = XCBuildConfiguration;
			buildSettings = {
				"CODE_SIGN_IDENTITY[sdk=iphoneos*]" = "";
				GCC_PRECOMPILE_PREFIX_HEADER = YES;
				GCC_PREFIX_HEADER = "KTCategories/KTCategories-Prefix.pch";
				INFOPLIST_FILE = "KTCategories/KTCategories-Info.plist";
				PRODUCT_NAME = "$(TARGET_NAME)";
				WRAPPER_EXTENSION = app;
			};
			name = Release;
		};
/* End XCBuildConfiguration section */

/* Begin XCConfigurationList section */
		CFA86EC51643F40500EBF92F /* Build configuration list for PBXProject "KTCategories" */ = {
			isa = XCConfigurationList;
			buildConfigurations = (
				CFA86EE71643F40500EBF92F /* Debug */,
				CFA86EE81643F40500EBF92F /* Release */,
			);
			defaultConfigurationIsVisible = 0;
			defaultConfigurationName = Release;
		};
		CFA86EE91643F40500EBF92F /* Build configuration list for PBXNativeTarget "KTCategories" */ = {
			isa = XCConfigurationList;
			buildConfigurations = (
				CFA86EEA1643F40500EBF92F /* Debug */,
				CFA86EEB1643F40500EBF92F /* Release */,
			);
			defaultConfigurationIsVisible = 0;
			defaultConfigurationName = Release;
		};
/* End XCConfigurationList section */
	};
	rootObject = CFA86EC21643F40500EBF92F /* Project object */;
}
